{
  "name": "lukas-package-1",
  "version": "1.0.0",
  "lockfileVersion": 2,
  "requires": true,
  "packages": {
    "": {
      "name": "lukas-package-1",
      "version": "1.0.0",
      "license": "ISC",
      "dependencies": {
        "buzzphrase": "^3.1.1"
      }
    },
    "node_modules/buzzphrase": {
      "version": "3.1.1",
      "resolved": "https://registry.npmjs.org/buzzphrase/-/buzzphrase-3.1.1.tgz",
      "integrity": "sha512-RRPvVq60w0Ic06FdeHDbBrkc8fsFye/vTjq4OMFoxkCYGwudYrirgnZLdO2BBWWhF5vq9oFugrKnAtCghrYdCQ==",
      "bin": {
        "buzzphrase": "bin.js"
      },
      "engines": {
        "node": ">=14.0.0"
      }
    }
  },
  "dependencies": {
    "buzzphrase": {
      "version": "3.1.1",
      "resolved": "https://registry.npmjs.org/buzzphrase/-/buzzphrase-3.1.1.tgz",
      "integrity": "sha512-RRPvVq60w0Ic06FdeHDbBrkc8fsFye/vTjq4OMFoxkCYGwudYrirgnZLdO2BBWWhF5vq9oFugrKnAtCghrYdCQ=="
    }
  }
}
